GITHUBTARBALL
  remote: boxen/puppet-boxen
  specs:
    boxen (3.6.1)

GITHUBTARBALL
  remote: boxen/puppet-homebrew
  specs:
    homebrew (2.0.0)

GITHUBTARBALL
  remote: puppetlabs/puppetlabs-stdlib
  specs:
    stdlib (4.0.0)

DEPENDENCIES
  boxen (= 3.6.1)
  homebrew (= 2.0.0)
  stdlib (= 4.0.0)

